
Microsoft Visual Studio Solution File, Format Version 12.00
# Visual Studio Version 17
VisualStudioVersion = 17.7.34221.43
MinimumVisualStudioVersion = 10.0.40219.1
Project("{FAE04EC0-301F-11D3-BF4B-00C04F79EFBC}") = "Receba 2 valores e retorne o maior entre eles", "Receba 2 valores e retorne o maior entre eles\Receba 2 valores e retorne o maior entre eles.csproj", "{6EBD5DC3-A94B-48DC-9296-D7F631B0F040}"
EndProject
Global
	GlobalSection(SolutionConfigurationPlatforms) = preSolution
		Debug|Any CPU = Debug|Any CPU
		Release|Any CPU = Release|Any CPU
	EndGlobalSection
	GlobalSection(ProjectConfigurationPlatforms) = postSolution
		{6EBD5DC3-A94B-48DC-9296-D7F631B0F040}.Debug|Any CPU.ActiveCfg = Debug|Any CPU
		{6EBD5DC3-A94B-48DC-9296-D7F631B0F040}.Debug|Any CPU.Build.0 = Debug|Any CPU
		{6EBD5DC3-A94B-48DC-9296-D7F631B0F040}.Release|Any CPU.ActiveCfg = Release|Any CPU
		{6EBD5DC3-A94B-48DC-9296-D7F631B0F040}.Release|Any CPU.Build.0 = Release|Any CPU
	EndGlobalSection
	GlobalSection(SolutionProperties) = preSolution
		HideSolutionNode = FALSE
	EndGlobalSection
	GlobalSection(ExtensibilityGlobals) = postSolution
		SolutionGuid = {230ED761-FF55-4BDC-9D62-5CF9B1A4506D}
	EndGlobalSection
EndGlobal
